
Microsoft Visual Studio Solution File, Format Version 12.00
# Visual Studio Version 17
VisualStudioVersion = 17.0.31903.59
MinimumVisualStudioVersion = 10.0.40219.1
Project("{2150E333-8FDC-42A3-9474-1A3956D46DE8}") = "src", "src", "{EDFE8329-1172-4F12-98F2-29BB801AC6DF}"
EndProject
Project("{FAE04EC0-301F-11D3-BF4B-00C04F79EFBC}") = "Domain", "src\Domain\Domain.csproj", "{1E578A77-D2EB-4F9E-B3D1-19A68C76499C}"
EndProject
Project("{FAE04EC0-301F-11D3-BF4B-00C04F79EFBC}") = "Infrastructure", "src\Infrastructure\Infrastructure.csproj", "{11F8EF66-CED8-4CAE-BCF9-7252A67CB88F}"
EndProject
Project("{FAE04EC0-301F-11D3-BF4B-00C04F79EFBC}") = "Application", "src\Application\Application.csproj", "{0FFFA956-70A4-4908-949B-F4658EB04F86}"
EndProject
Project("{FAE04EC0-301F-11D3-BF4B-00C04F79EFBC}") = "ConsoleApp", "src\ConsoleApp\ConsoleApp.csproj", "{F5482E45-D028-4E05-A659-25F360FB45E5}"
EndProject
Project("{FAE04EC0-301F-11D3-BF4B-00C04F79EFBC}") = "WebApi", "src\WebApi\WebApi.csproj", "{EC40FD0A-A58A-4F0C-98A0-3F07B4677CC7}"
EndProject
Project("{2150E333-8FDC-42A3-9474-1A3956D46DE8}") = "tests", "tests", "{FE1C2134-DA57-4836-BE54-01DE04061D7C}"
EndProject
Project("{FAE04EC0-301F-11D3-BF4B-00C04F79EFBC}") = "Domain.Tests", "tests\Domain.Tests\Domain.Tests.csproj", "{BF1ED411-04FD-41C1-840E-1A307E6FD104}"
EndProject
Project("{FAE04EC0-301F-11D3-BF4B-00C04F79EFBC}") = "Infrastructure.Tests", "tests\Infrastructure.Tests\Infrastructure.Tests.csproj", "{337F476E-3C5B-4CB5-8761-A73E9E7836BC}"
EndProject
Project("{FAE04EC0-301F-11D3-BF4B-00C04F79EFBC}") = "Application.Tests", "tests\Application.Tests\Application.Tests.csproj", "{0DD677D3-9E80-4363-8CFD-60B81C4227C0}"
EndProject
Project("{FAE04EC0-301F-11D3-BF4B-00C04F79EFBC}") = "Integration.Tests", "tests\Integration.Tests\Integration.Tests.csproj", "{D2671BBE-CE7F-491B-BE46-238AE22A5276}"
EndProject
Global
	GlobalSection(SolutionConfigurationPlatforms) = preSolution
		Debug|Any CPU = Debug|Any CPU
		Release|Any CPU = Release|Any CPU
	EndGlobalSection
	GlobalSection(SolutionProperties) = preSolution
		HideSolutionNode = FALSE
	EndGlobalSection
	GlobalSection(ProjectConfigurationPlatforms) = postSolution
		{1E578A77-D2EB-4F9E-B3D1-19A68C76499C}.Debug|Any CPU.ActiveCfg = Debug|Any CPU
		{1E578A77-D2EB-4F9E-B3D1-19A68C76499C}.Debug|Any CPU.Build.0 = Debug|Any CPU
		{1E578A77-D2EB-4F9E-B3D1-19A68C76499C}.Release|Any CPU.ActiveCfg = Release|Any CPU
		{1E578A77-D2EB-4F9E-B3D1-19A68C76499C}.Release|Any CPU.Build.0 = Release|Any CPU
		{11F8EF66-CED8-4CAE-BCF9-7252A67CB88F}.Debug|Any CPU.ActiveCfg = Debug|Any CPU
		{11F8EF66-CED8-4CAE-BCF9-7252A67CB88F}.Debug|Any CPU.Build.0 = Debug|Any CPU
		{11F8EF66-CED8-4CAE-BCF9-7252A67CB88F}.Release|Any CPU.ActiveCfg = Release|Any CPU
		{11F8EF66-CED8-4CAE-BCF9-7252A67CB88F}.Release|Any CPU.Build.0 = Release|Any CPU
		{0FFFA956-70A4-4908-949B-F4658EB04F86}.Debug|Any CPU.ActiveCfg = Debug|Any CPU
		{0FFFA956-70A4-4908-949B-F4658EB04F86}.Debug|Any CPU.Build.0 = Debug|Any CPU
		{0FFFA956-70A4-4908-949B-F4658EB04F86}.Release|Any CPU.ActiveCfg = Release|Any CPU
		{0FFFA956-70A4-4908-949B-F4658EB04F86}.Release|Any CPU.Build.0 = Release|Any CPU
		{F5482E45-D028-4E05-A659-25F360FB45E5}.Debug|Any CPU.ActiveCfg = Debug|Any CPU
		{F5482E45-D028-4E05-A659-25F360FB45E5}.Debug|Any CPU.Build.0 = Debug|Any CPU
		{F5482E45-D028-4E05-A659-25F360FB45E5}.Release|Any CPU.ActiveCfg = Release|Any CPU
		{F5482E45-D028-4E05-A659-25F360FB45E5}.Release|Any CPU.Build.0 = Release|Any CPU
		{EC40FD0A-A58A-4F0C-98A0-3F07B4677CC7}.Debug|Any CPU.ActiveCfg = Debug|Any CPU
		{EC40FD0A-A58A-4F0C-98A0-3F07B4677CC7}.Debug|Any CPU.Build.0 = Debug|Any CPU
		{EC40FD0A-A58A-4F0C-98A0-3F07B4677CC7}.Release|Any CPU.ActiveCfg = Release|Any CPU
		{EC40FD0A-A58A-4F0C-98A0-3F07B4677CC7}.Release|Any CPU.Build.0 = Release|Any CPU
		{BF1ED411-04FD-41C1-840E-1A307E6FD104}.Debug|Any CPU.ActiveCfg = Debug|Any CPU
		{BF1ED411-04FD-41C1-840E-1A307E6FD104}.Debug|Any CPU.Build.0 = Debug|Any CPU
		{BF1ED411-04FD-41C1-840E-1A307E6FD104}.Release|Any CPU.ActiveCfg = Release|Any CPU
		{BF1ED411-04FD-41C1-840E-1A307E6FD104}.Release|Any CPU.Build.0 = Release|Any CPU
		{337F476E-3C5B-4CB5-8761-A73E9E7836BC}.Debug|Any CPU.ActiveCfg = Debug|Any CPU
		{337F476E-3C5B-4CB5-8761-A73E9E7836BC}.Debug|Any CPU.Build.0 = Debug|Any CPU
		{337F476E-3C5B-4CB5-8761-A73E9E7836BC}.Release|Any CPU.ActiveCfg = Release|Any CPU
		{337F476E-3C5B-4CB5-8761-A73E9E7836BC}.Release|Any CPU.Build.0 = Release|Any CPU
		{0DD677D3-9E80-4363-8CFD-60B81C4227C0}.Debug|Any CPU.ActiveCfg = Debug|Any CPU
		{0DD677D3-9E80-4363-8CFD-60B81C4227C0}.Debug|Any CPU.Build.0 = Debug|Any CPU
		{0DD677D3-9E80-4363-8CFD-60B81C4227C0}.Release|Any CPU.ActiveCfg = Release|Any CPU
		{0DD677D3-9E80-4363-8CFD-60B81C4227C0}.Release|Any CPU.Build.0 = Release|Any CPU
		{D2671BBE-CE7F-491B-BE46-238AE22A5276}.Debug|Any CPU.ActiveCfg = Debug|Any CPU
		{D2671BBE-CE7F-491B-BE46-238AE22A5276}.Debug|Any CPU.Build.0 = Debug|Any CPU
		{D2671BBE-CE7F-491B-BE46-238AE22A5276}.Release|Any CPU.ActiveCfg = Release|Any CPU
		{D2671BBE-CE7F-491B-BE46-238AE22A5276}.Release|Any CPU.Build.0 = Release|Any CPU
	EndGlobalSection
	GlobalSection(NestedProjects) = preSolution
		{1E578A77-D2EB-4F9E-B3D1-19A68C76499C} = {EDFE8329-1172-4F12-98F2-29BB801AC6DF}
		{11F8EF66-CED8-4CAE-BCF9-7252A67CB88F} = {EDFE8329-1172-4F12-98F2-29BB801AC6DF}
		{0FFFA956-70A4-4908-949B-F4658EB04F86} = {EDFE8329-1172-4F12-98F2-29BB801AC6DF}
		{F5482E45-D028-4E05-A659-25F360FB45E5} = {EDFE8329-1172-4F12-98F2-29BB801AC6DF}
		{EC40FD0A-A58A-4F0C-98A0-3F07B4677CC7} = {EDFE8329-1172-4F12-98F2-29BB801AC6DF}
		{BF1ED411-04FD-41C1-840E-1A307E6FD104} = {FE1C2134-DA57-4836-BE54-01DE04061D7C}
		{337F476E-3C5B-4CB5-8761-A73E9E7836BC} = {FE1C2134-DA57-4836-BE54-01DE04061D7C}
		{0DD677D3-9E80-4363-8CFD-60B81C4227C0} = {FE1C2134-DA57-4836-BE54-01DE04061D7C}
		{D2671BBE-CE7F-491B-BE46-238AE22A5276} = {FE1C2134-DA57-4836-BE54-01DE04061D7C}
	EndGlobalSection
EndGlobal
